
Microsoft Visual Studio Solution File, Format Version 12.00
# Visual Studio 15
VisualStudioVersion = 15.0.26228.10
MinimumVisualStudioVersion = 10.0.40219.1
Project("{E24C65DC-7377-472B-9ABA-BC803B73C61A}") = "Current-PersonalSite", ".", "{0FB87361-FDA5-427A-9D82-DA6E4A227870}"
	ProjectSection(WebsiteProperties) = preProject
		TargetFrameworkMoniker = ".NETFramework,Version%3Dv4.5"
		Debug.AspNetCompiler.VirtualPath = "/localhost_57958"
		Debug.AspNetCompiler.PhysicalPath = "..\Current-PersonalSite\"
		Debug.AspNetCompiler.TargetPath = "PrecompiledWeb\localhost_57958\"
		Debug.AspNetCompiler.Updateable = "true"
		Debug.AspNetCompiler.ForceOverwrite = "true"
		Debug.AspNetCompiler.FixedNames = "false"
		Debug.AspNetCompiler.Debug = "True"
		Release.AspNetCompiler.VirtualPath = "/localhost_57958"
		Release.AspNetCompiler.PhysicalPath = "..\Current-PersonalSite\"
		Release.AspNetCompiler.TargetPath = "PrecompiledWeb\localhost_57958\"
		Release.AspNetCompiler.Updateable = "true"
		Release.AspNetCompiler.ForceOverwrite = "true"
		Release.AspNetCompiler.FixedNames = "false"
		Release.AspNetCompiler.Debug = "False"
		VWDPort = "57958"
		SlnRelativePath = "..\Current-PersonalSite\"
	EndProjectSection
EndProject
Project("{2150E333-8FDC-42A3-9474-1A3956D46DE8}") = "Solution Items", "Solution Items", "{DEDCD6FA-F978-4BA6-A523-CC23C041C98F}"
	ProjectSection(SolutionItems) = preProject
		contactFormValidation.js = contactFormValidation.js
	EndProjectSection
EndProject
Global
	GlobalSection(SolutionConfigurationPlatforms) = preSolution
		Debug|Any CPU = Debug|Any CPU
	EndGlobalSection
	GlobalSection(ProjectConfigurationPlatforms) = postSolution
		{0FB87361-FDA5-427A-9D82-DA6E4A227870}.Debug|Any CPU.ActiveCfg = Debug|Any CPU
		{0FB87361-FDA5-427A-9D82-DA6E4A227870}.Debug|Any CPU.Build.0 = Debug|Any CPU
	EndGlobalSection
	GlobalSection(SolutionProperties) = preSolution
		HideSolutionNode = FALSE
	EndGlobalSection
EndGlobal
